Microsoft Visual Studio Solution File, Format Version 12.00
# Visual Studio Version 17
VisualStudioVersion = 17.5.2.0
MinimumVisualStudioVersion = 10.0.40219.1
Project("{FAE04EC0-301F-11D3-BF4B-00C04F79EFBC}") = "Wangkanai.Solver.Benchmark", "benchmark\Wangkanai.Solver.Benchmark.csproj", "{ADBD736A-28B7-D423-C43D-45157A4FBADB}"
EndProject
Project("{FAE04EC0-301F-11D3-BF4B-00C04F79EFBC}") = "Wangkanai.Solver.Tests", "tests\Wangkanai.Solver.Tests.csproj", "{5A04907E-4B24-AA1F-7627-10DBBBDB1FFE}"
EndProject
Project("{FAE04EC0-301F-11D3-BF4B-00C04F79EFBC}") = "Wangkanai.Solver", "src\Wangkanai.Solver.csproj", "{037E62BE-5E7E-2635-3C4A-7B9695E70C8B}"
EndProject
Global
	GlobalSection(SolutionConfigurationPlatforms) = preSolution
		Debug|Any CPU = Debug|Any CPU
		Release|Any CPU = Release|Any CPU
	EndGlobalSection
	GlobalSection(ProjectConfigurationPlatforms) = postSolution
		{ADBD736A-28B7-D423-C43D-45157A4FBADB}.Debug|Any CPU.ActiveCfg = Debug|Any CPU
		{ADBD736A-28B7-D423-C43D-45157A4FBADB}.Debug|Any CPU.Build.0 = Debug|Any CPU
		{ADBD736A-28B7-D423-C43D-45157A4FBADB}.Release|Any CPU.ActiveCfg = Release|Any CPU
		{ADBD736A-28B7-D423-C43D-45157A4FBADB}.Release|Any CPU.Build.0 = Release|Any CPU
		{5A04907E-4B24-AA1F-7627-10DBBBDB1FFE}.Debug|Any CPU.ActiveCfg = Debug|Any CPU
		{5A04907E-4B24-AA1F-7627-10DBBBDB1FFE}.Debug|Any CPU.Build.0 = Debug|Any CPU
		{5A04907E-4B24-AA1F-7627-10DBBBDB1FFE}.Release|Any CPU.ActiveCfg = Release|Any CPU
		{5A04907E-4B24-AA1F-7627-10DBBBDB1FFE}.Release|Any CPU.Build.0 = Release|Any CPU
		{037E62BE-5E7E-2635-3C4A-7B9695E70C8B}.Debug|Any CPU.ActiveCfg = Debug|Any CPU
		{037E62BE-5E7E-2635-3C4A-7B9695E70C8B}.Debug|Any CPU.Build.0 = Debug|Any CPU
		{037E62BE-5E7E-2635-3C4A-7B9695E70C8B}.Release|Any CPU.ActiveCfg = Release|Any CPU
		{037E62BE-5E7E-2635-3C4A-7B9695E70C8B}.Release|Any CPU.Build.0 = Release|Any CPU
	EndGlobalSection
	GlobalSection(SolutionProperties) = preSolution
		HideSolutionNode = FALSE
	EndGlobalSection
	GlobalSection(ExtensibilityGlobals) = postSolution
		SolutionGuid = {A5EB8BD9-F0C0-4911-9D6F-EDFACEB72BAD}
	EndGlobalSection
EndGlobal
